{
  "name": "gun-tag",
  "version": "2.0.6",
  "lockfileVersion": 1,
  "requires": true,
  "dependencies": {
    "gun-synclist": {
      "version": "1.0.0",
      "resolved": "https://registry.npmjs.org/gun-synclist/-/gun-synclist-1.0.0.tgz",
      "integrity": "sha512-dBmGLEDKv4GZ5Om+RSIXCFIX8H41apqLi5gASeDW77FMndoaXhdJ4eKHmSRkCrFpOdUJiEC4Gjp22gI/sHSnSg=="
    }
  }
}
